# atm10-zh-tw — 繁體轉換的依賴鎖
#
# 唯一的依賴是 OpenCC（scripts/zh_tw/ 的簡→繁轉換）。轉換結果由它的詞庫決定，
# 換一版詞庫，同一份簡體就可能轉出不同的繁體——所以和 Pillow 一樣釘死版本與雜湊。
# 另開一個檔案而不是寫進 requirements.lock：那份是上游的，合併時不想跟它衝突。
#
# 裝法（必須帶 --require-hashes）：
#     python -m pip install --require-hashes -r requirements-zh_tw.lock
#
# 升級 OpenCC 時要重跑 scripts/zh_tw/check_tw.py 的兩道閘，並抽樣比對轉換差異。

opencc==1.4.2 \
    --hash=sha256:01674abf96cd6b6358755d692f1d56fde39deb77383a095c23c211cc8502e57f \
    --hash=sha256:050bdc8516b4830be810504dfed1e5d6ac8ca81f19030b7c187abec5160683ca \
    --hash=sha256:052177a890ac2fdd960402d5a482163c965ec68ba7511271c19db327a5606616 \
    --hash=sha256:06f215590050d8504ceb713be0c822dd00b14095fd10a0b66f689bab40821119 \
    --hash=sha256:0b14d64943de6c3575ae1e863dbbf4a3c6c7e7ce7e90f85772b2ec4dc24a5aca \
    --hash=sha256:0c0a14242f9b0a9932eccf4dd50fc5e26133940246a00862f60971fff3e78b02 \
    --hash=sha256:0e444f4bf4aff9f7396289652ea80c456c7b0237a8431cd0aece350d314e8816 \
    --hash=sha256:200ff97daa684997c046b9f7a49dcf0defb09b9fda64da37e453879c79934e3e \
    --hash=sha256:25c34e75fe2ab2bf5b43d89e2cf9413fbfd693c9e4851c9b7b641d50e9793f63 \
    --hash=sha256:2992898ccfb14aaa9feef5a38e08c4c20a79f41482626fc5a6e8ee87b23016e2 \
    --hash=sha256:2dd2f8c3f7e633d252753c8f69298d5f446e02d62a3cf9c6a3c18683b5346c89 \
    --hash=sha256:4338dc5c7c6c7b42a847f3a8ecbbdfb2543e39d63bebcbe25f10e3c81b1c76fb \
    --hash=sha256:58f9ce843a7c3af60157155dbb4f459ec1596caac51a2a0fdf54258074db68d6 \
    --hash=sha256:5c5a76365426fb1c346c00a1729000dfc92ee621669c0b12ba33c008a6f2c300 \
    --hash=sha256:689eea00ddfdaa3ba0b78426da34759dcb07db52b2fc1c660fa62b3d94ee4f04 \
    --hash=sha256:7025dc276b2a60b30ed3aefb99f1ceb8616076fd3eb3310c0f8f2046e79e76b1 \
    --hash=sha256:794afd1f5254b22fb7e8655d3e60f0467e4a1ad5ebbd62f9efdd2dd421dd43db \
    --hash=sha256:a3bb8d817b8d5500fda9a81e245825d176b087e4d31702dafc2ef83d6ef21b4a \
    --hash=sha256:b2af32959214ba7fd475991aaf2476e1f775061708c154cd39782485365dc781 \
    --hash=sha256:ba6d6f45ce4908e0c24a034d844d3f43be6f2e8c69a838028806f1af8e721bef \
    --hash=sha256:d054897f2e597d663410b9dc20b9e79d9410a893b9578ef3eaf3f6eef5fbcb52 \
    --hash=sha256:d331283eb43f95238b55de4c2ffc8c50509cbb37eda73f17bf225345f21f9755 \
    --hash=sha256:d90a8b76ea5d1f425a4f2eb16114cb33abd29a73c6a4ec367361c61b1c059a10 \
    --hash=sha256:eb5df4bd9bd766aaa533d961123b519b51d6b678437b89650e8ffe9564c682c7 \
    --hash=sha256:f482a6d1a2478cb67aa208afb93f1c6428b6cf5a2f5257f3847624a42e7fddeb

